
Microsoft Visual Studio Solution File, Format Version 12.00
# Visual Studio Version 17
VisualStudioVersion = 17.0.32014.148
MinimumVisualStudioVersion = 10.0.40219.1
Project("{FAE04EC0-301F-11D3-BF4B-00C04F79EFBC}") = "String_Encryptor", "String_Encryptor\String_Encryptor.csproj", "{7CB38BE1-F052-468A-B3CF-CB4E21119509}"
EndProject
Global
	GlobalSection(SolutionConfigurationPlatforms) = preSolution
		Debug|Any CPU = Debug|Any CPU
		Release|Any CPU = Release|Any CPU
	EndGlobalSection
	GlobalSection(ProjectConfigurationPlatforms) = postSolution
		{7CB38BE1-F052-468A-B3CF-CB4E21119509}.Debug|Any CPU.ActiveCfg = Debug|Any CPU
		{7CB38BE1-F052-468A-B3CF-CB4E21119509}.Debug|Any CPU.Build.0 = Debug|Any CPU
		{7CB38BE1-F052-468A-B3CF-CB4E21119509}.Release|Any CPU.ActiveCfg = Release|Any CPU
		{7CB38BE1-F052-468A-B3CF-CB4E21119509}.Release|Any CPU.Build.0 = Release|Any CPU
	EndGlobalSection
	GlobalSection(SolutionProperties) = preSolution
		HideSolutionNode = FALSE
	EndGlobalSection
	GlobalSection(ExtensibilityGlobals) = postSolution
		SolutionGuid = {C0C64A97-C64F-4A1B-BA71-EDC4BBBB4106}
	EndGlobalSection
EndGlobal
